
Microsoft Visual Studio Solution File, Format Version 12.00
# Visual Studio Version 16
VisualStudioVersion = 16.0.29201.188
MinimumVisualStudioVersion = 10.0.40219.1
Project("{FAE04EC0-301F-11D3-BF4B-00C04F79EFBC}") = "DockerService", "DockerService\DockerService.csproj", "{1E894009-DB68-4A2C-A6A0-90135B6BBC84}"
EndProject
Project("{FAE04EC0-301F-11D3-BF4B-00C04F79EFBC}") = "ConsoleApp", "ConsoleApp\ConsoleApp.csproj", "{C7758657-B3ED-4BFC-A718-522E12AD971F}"
	ProjectSection(ProjectDependencies) = postProject
		{C15771FA-650A-4742-9B5A-5F88C4C13C86} = {C15771FA-650A-4742-9B5A-5F88C4C13C86}
	EndProjectSection
EndProject
Project("{FAE04EC0-301F-11D3-BF4B-00C04F79EFBC}") = "CommonUtilities", "CommonUtilities\Common\CommonUtilities.csproj", "{C15771FA-650A-4742-9B5A-5F88C4C13C86}"
EndProject
Global
	GlobalSection(SolutionConfigurationPlatforms) = preSolution
		Debug|Any CPU = Debug|Any CPU
		Release|Any CPU = Release|Any CPU
	EndGlobalSection
	GlobalSection(ProjectConfigurationPlatforms) = postSolution
		{1E894009-DB68-4A2C-A6A0-90135B6BBC84}.Debug|Any CPU.ActiveCfg = Debug|Any CPU
		{1E894009-DB68-4A2C-A6A0-90135B6BBC84}.Debug|Any CPU.Build.0 = Debug|Any CPU
		{1E894009-DB68-4A2C-A6A0-90135B6BBC84}.Release|Any CPU.ActiveCfg = Release|Any CPU
		{1E894009-DB68-4A2C-A6A0-90135B6BBC84}.Release|Any CPU.Build.0 = Release|Any CPU
		{C7758657-B3ED-4BFC-A718-522E12AD971F}.Debug|Any CPU.ActiveCfg = Debug|Any CPU
		{C7758657-B3ED-4BFC-A718-522E12AD971F}.Debug|Any CPU.Build.0 = Debug|Any CPU
		{C7758657-B3ED-4BFC-A718-522E12AD971F}.Release|Any CPU.ActiveCfg = Release|Any CPU
		{C7758657-B3ED-4BFC-A718-522E12AD971F}.Release|Any CPU.Build.0 = Release|Any CPU
		{C15771FA-650A-4742-9B5A-5F88C4C13C86}.Debug|Any CPU.ActiveCfg = Debug|Any CPU
		{C15771FA-650A-4742-9B5A-5F88C4C13C86}.Debug|Any CPU.Build.0 = Debug|Any CPU
		{C15771FA-650A-4742-9B5A-5F88C4C13C86}.Release|Any CPU.ActiveCfg = Release|Any CPU
		{C15771FA-650A-4742-9B5A-5F88C4C13C86}.Release|Any CPU.Build.0 = Release|Any CPU
	EndGlobalSection
	GlobalSection(SolutionProperties) = preSolution
		HideSolutionNode = FALSE
	EndGlobalSection
	GlobalSection(ExtensibilityGlobals) = postSolution
		SolutionGuid = {A86FFC93-A14A-4725-8CA0-3A349449076B}
	EndGlobalSection
EndGlobal
